
Microsoft Visual Studio Solution File, Format Version 12.00
# Visual Studio Version 17
VisualStudioVersion = 17.13.35913.81
MinimumVisualStudioVersion = 10.0.40219.1
Project("{FAE04EC0-301F-11D3-BF4B-00C04F79EFBC}") = "YazOkuluDersler", "YazOkuluDersler\YazOkuluDersler.csproj", "{8D4FCBA2-626C-426F-B54E-BE7C83259A5E}"
EndProject
Project("{FAE04EC0-301F-11D3-BF4B-00C04F79EFBC}") = "EntityLayer", "EntityLayer\EntityLayer.csproj", "{83CD361A-DC8C-4D6E-BC90-5E34619F1019}"
EndProject
Project("{FAE04EC0-301F-11D3-BF4B-00C04F79EFBC}") = "DataAccessLayer", "DataAccessLayer\DataAccessLayer.csproj", "{087F9C62-1879-4875-9B77-7CFC3837DEF5}"
EndProject
Project("{FAE04EC0-301F-11D3-BF4B-00C04F79EFBC}") = "BusinessLogicLayer", "BusinessLogicLayer\BusinessLogicLayer.csproj", "{E0DB84DB-A834-4EB8-B71A-85F574FEFFC5}"
EndProject
Global
	GlobalSection(SolutionConfigurationPlatforms) = preSolution
		Debug|Any CPU = Debug|Any CPU
		Release|Any CPU = Release|Any CPU
	EndGlobalSection
	GlobalSection(ProjectConfigurationPlatforms) = postSolution
		{8D4FCBA2-626C-426F-B54E-BE7C83259A5E}.Debug|Any CPU.ActiveCfg = Debug|Any CPU
		{8D4FCBA2-626C-426F-B54E-BE7C83259A5E}.Debug|Any CPU.Build.0 = Debug|Any CPU
		{8D4FCBA2-626C-426F-B54E-BE7C83259A5E}.Release|Any CPU.ActiveCfg = Release|Any CPU
		{8D4FCBA2-626C-426F-B54E-BE7C83259A5E}.Release|Any CPU.Build.0 = Release|Any CPU
		{83CD361A-DC8C-4D6E-BC90-5E34619F1019}.Debug|Any CPU.ActiveCfg = Debug|Any CPU
		{83CD361A-DC8C-4D6E-BC90-5E34619F1019}.Debug|Any CPU.Build.0 = Debug|Any CPU
		{83CD361A-DC8C-4D6E-BC90-5E34619F1019}.Release|Any CPU.ActiveCfg = Release|Any CPU
		{83CD361A-DC8C-4D6E-BC90-5E34619F1019}.Release|Any CPU.Build.0 = Release|Any CPU
		{087F9C62-1879-4875-9B77-7CFC3837DEF5}.Debug|Any CPU.ActiveCfg = Debug|Any CPU
		{087F9C62-1879-4875-9B77-7CFC3837DEF5}.Debug|Any CPU.Build.0 = Debug|Any CPU
		{087F9C62-1879-4875-9B77-7CFC3837DEF5}.Release|Any CPU.ActiveCfg = Release|Any CPU
		{087F9C62-1879-4875-9B77-7CFC3837DEF5}.Release|Any CPU.Build.0 = Release|Any CPU
		{E0DB84DB-A834-4EB8-B71A-85F574FEFFC5}.Debug|Any CPU.ActiveCfg = Debug|Any CPU
		{E0DB84DB-A834-4EB8-B71A-85F574FEFFC5}.Debug|Any CPU.Build.0 = Debug|Any CPU
		{E0DB84DB-A834-4EB8-B71A-85F574FEFFC5}.Release|Any CPU.ActiveCfg = Release|Any CPU
		{E0DB84DB-A834-4EB8-B71A-85F574FEFFC5}.Release|Any CPU.Build.0 = Release|Any CPU
	EndGlobalSection
	GlobalSection(SolutionProperties) = preSolution
		HideSolutionNode = FALSE
	EndGlobalSection
	GlobalSection(ExtensibilityGlobals) = postSolution
		SolutionGuid = {ABF4035F-5720-4AC7-8B8D-E20DAFBF992C}
	EndGlobalSection
EndGlobal
